# This file is automatically @generated by Cargo.
# It is not intended for manual editing.
version = 4

[[package]]
name = "wisp-core"
version = "0.0.0"

[[package]]
name = "wisp-desktop"
version = "0.0.0"
dependencies = [
 "wisp-core",
 "wisp-storage",
]

[[package]]
name = "wisp-storage"
version = "0.0.0"
dependencies = [
 "wisp-core",
]
